
Microsoft Visual Studio Solution File, Format Version 12.00
# Visual Studio 2012
Project("{FAE04EC0-301F-11D3-BF4B-00C04F79EFBC}") = "Evolved.Core", "Evolved.Core\Evolved.Core.csproj", "{3B2EA391-D03F-423F-A5CE-904214B6E70E}"
EndProject
Project("{FAE04EC0-301F-11D3-BF4B-00C04F79EFBC}") = "Evolved.Droid", "Evolved.Droid\Evolved.Droid.csproj", "{B0D6BEA2-5765-4B89-B0A0-7EB6E9D8A5B9}"
EndProject
Project("{FAE04EC0-301F-11D3-BF4B-00C04F79EFBC}") = "Evolved.CoreTouch", "Evolved.CoreTouch\Evolved.CoreTouch.csproj", "{0D7FCA5C-1B15-402F-81C5-900DDC1B79DC}"
EndProject
Project("{FAE04EC0-301F-11D3-BF4B-00C04F79EFBC}") = "Evolved.Touch", "Evolved.Touch\Evolved.Touch.csproj", "{BEB86758-960B-4D18-B5C8-1E49B8B10BF0}"
EndProject
Project("{FAE04EC0-301F-11D3-BF4B-00C04F79EFBC}") = "Evolved.Store", "Evolved.Store\Evolved.Store.csproj", "{2ABD5588-9270-403D-AEF7-B7595AF60FF2}"
EndProject
Project("{FAE04EC0-301F-11D3-BF4B-00C04F79EFBC}") = "Evolved.Phone", "Evolved.Phone\Evolved.Phone.csproj", "{CC7DC130-9F99-43FC-AFD0-E7B5D1236458}"
EndProject
Global
	GlobalSection(SolutionConfigurationPlatforms) = preSolution
		Ad-Hoc|Any CPU = Ad-Hoc|Any CPU
		Ad-Hoc|ARM = Ad-Hoc|ARM
		Ad-Hoc|iPhone = Ad-Hoc|iPhone
		Ad-Hoc|iPhoneSimulator = Ad-Hoc|iPhoneSimulator
		Ad-Hoc|Mixed Platforms = Ad-Hoc|Mixed Platforms
		Ad-Hoc|x64 = Ad-Hoc|x64
		Ad-Hoc|x86 = Ad-Hoc|x86
		AppStore|Any CPU = AppStore|Any CPU
		AppStore|ARM = AppStore|ARM
		AppStore|iPhone = AppStore|iPhone
		AppStore|iPhoneSimulator = AppStore|iPhoneSimulator
		AppStore|Mixed Platforms = AppStore|Mixed Platforms
		AppStore|x64 = AppStore|x64
		AppStore|x86 = AppStore|x86
		Debug|Any CPU = Debug|Any CPU
		Debug|ARM = Debug|ARM
		Debug|iPhone = Debug|iPhone
		Debug|iPhoneSimulator = Debug|iPhoneSimulator
		Debug|Mixed Platforms = Debug|Mixed Platforms
		Debug|x64 = Debug|x64
		Debug|x86 = Debug|x86
		Release|Any CPU = Release|Any CPU
		Release|ARM = Release|ARM
		Release|iPhone = Release|iPhone
		Release|iPhoneSimulator = Release|iPhoneSimulator
		Release|Mixed Platforms = Release|Mixed Platforms
		Release|x64 = Release|x64
		Release|x86 = Release|x86
	EndGlobalSection
	GlobalSection(ProjectConfigurationPlatforms) = postSolution
		{3B2EA391-D03F-423F-A5CE-904214B6E70E}.Ad-Hoc|Any CPU.ActiveCfg = Release|Any CPU
		{3B2EA391-D03F-423F-A5CE-904214B6E70E}.Ad-Hoc|Any CPU.Build.0 = Release|Any CPU
		{3B2EA391-D03F-423F-A5CE-904214B6E70E}.Ad-Hoc|ARM.ActiveCfg = Release|Any CPU
		{3B2EA391-D03F-423F-A5CE-904214B6E70E}.Ad-Hoc|iPhone.ActiveCfg = Release|Any CPU
		{3B2EA391-D03F-423F-A5CE-904214B6E70E}.Ad-Hoc|iPhoneSimulator.ActiveCfg = Release|Any CPU
		{3B2EA391-D03F-423F-A5CE-904214B6E70E}.Ad-Hoc|Mixed Platforms.ActiveCfg = Release|Any CPU
		{3B2EA391-D03F-423F-A5CE-904214B6E70E}.Ad-Hoc|Mixed Platforms.Build.0 = Release|Any CPU
		{3B2EA391-D03F-423F-A5CE-904214B6E70E}.Ad-Hoc|x64.ActiveCfg = Release|Any CPU
		{3B2EA391-D03F-423F-A5CE-904214B6E70E}.Ad-Hoc|x86.ActiveCfg = Release|Any CPU
		{3B2EA391-D03F-423F-A5CE-904214B6E70E}.AppStore|Any CPU.ActiveCfg = Release|Any CPU
		{3B2EA391-D03F-423F-A5CE-904214B6E70E}.AppStore|Any CPU.Build.0 = Release|Any CPU
		{3B2EA391-D03F-423F-A5CE-904214B6E70E}.AppStore|ARM.ActiveCfg = Release|Any CPU
		{3B2EA391-D03F-423F-A5CE-904214B6E70E}.AppStore|iPhone.ActiveCfg = Release|Any CPU
		{3B2EA391-D03F-423F-A5CE-904214B6E70E}.AppStore|iPhoneSimulator.ActiveCfg = Release|Any CPU
		{3B2EA391-D03F-423F-A5CE-904214B6E70E}.AppStore|Mixed Platforms.ActiveCfg = Release|Any CPU
		{3B2EA391-D03F-423F-A5CE-904214B6E70E}.AppStore|Mixed Platforms.Build.0 = Release|Any CPU
		{3B2EA391-D03F-423F-A5CE-904214B6E70E}.AppStore|x64.ActiveCfg = Release|Any CPU
		{3B2EA391-D03F-423F-A5CE-904214B6E70E}.AppStore|x86.ActiveCfg = Release|Any CPU
		{3B2EA391-D03F-423F-A5CE-904214B6E70E}.Debug|Any CPU.ActiveCfg = Debug|Any CPU
		{3B2EA391-D03F-423F-A5CE-904214B6E70E}.Debug|Any CPU.Build.0 = Debug|Any CPU
		{3B2EA391-D03F-423F-A5CE-904214B6E70E}.Debug|ARM.ActiveCfg = Debug|Any CPU
		{3B2EA391-D03F-423F-A5CE-904214B6E70E}.Debug|iPhone.ActiveCfg = Debug|Any CPU
		{3B2EA391-D03F-423F-A5CE-904214B6E70E}.Debug|iPhoneSimulator.ActiveCfg = Debug|Any CPU
		{3B2EA391-D03F-423F-A5CE-904214B6E70E}.Debug|Mixed Platforms.ActiveCfg = Debug|Any CPU
		{3B2EA391-D03F-423F-A5CE-904214B6E70E}.Debug|Mixed Platforms.Build.0 = Debug|Any CPU
		{3B2EA391-D03F-423F-A5CE-904214B6E70E}.Debug|x64.ActiveCfg = Debug|Any CPU
		{3B2EA391-D03F-423F-A5CE-904214B6E70E}.Debug|x86.ActiveCfg = Debug|Any CPU
		{3B2EA391-D03F-423F-A5CE-904214B6E70E}.Release|Any CPU.ActiveCfg = Release|Any CPU
		{3B2EA391-D03F-423F-A5CE-904214B6E70E}.Release|Any CPU.Build.0 = Release|Any CPU
		{3B2EA391-D03F-423F-A5CE-904214B6E70E}.Release|ARM.ActiveCfg = Release|Any CPU
		{3B2EA391-D03F-423F-A5CE-904214B6E70E}.Release|iPhone.ActiveCfg = Release|Any CPU
		{3B2EA391-D03F-423F-A5CE-904214B6E70E}.Release|iPhoneSimulator.ActiveCfg = Release|Any CPU
		{3B2EA391-D03F-423F-A5CE-904214B6E70E}.Release|Mixed Platforms.ActiveCfg = Release|Any CPU
		{3B2EA391-D03F-423F-A5CE-904214B6E70E}.Release|Mixed Platforms.Build.0 = Release|Any CPU
		{3B2EA391-D03F-423F-A5CE-904214B6E70E}.Release|x64.ActiveCfg = Release|Any CPU
		{3B2EA391-D03F-423F-A5CE-904214B6E70E}.Release|x86.ActiveCfg = Release|Any CPU
		{B0D6BEA2-5765-4B89-B0A0-7EB6E9D8A5B9}.Ad-Hoc|Any CPU.ActiveCfg = Release|Any CPU
		{B0D6BEA2-5765-4B89-B0A0-7EB6E9D8A5B9}.Ad-Hoc|Any CPU.Build.0 = Release|Any CPU
		{B0D6BEA2-5765-4B89-B0A0-7EB6E9D8A5B9}.Ad-Hoc|Any CPU.Deploy.0 = Release|Any CPU
		{B0D6BEA2-5765-4B89-B0A0-7EB6E9D8A5B9}.Ad-Hoc|ARM.ActiveCfg = Release|Any CPU
		{B0D6BEA2-5765-4B89-B0A0-7EB6E9D8A5B9}.Ad-Hoc|iPhone.ActiveCfg = Release|Any CPU
		{B0D6BEA2-5765-4B89-B0A0-7EB6E9D8A5B9}.Ad-Hoc|iPhoneSimulator.ActiveCfg = Release|Any CPU
		{B0D6BEA2-5765-4B89-B0A0-7EB6E9D8A5B9}.Ad-Hoc|Mixed Platforms.ActiveCfg = Release|Any CPU
		{B0D6BEA2-5765-4B89-B0A0-7EB6E9D8A5B9}.Ad-Hoc|Mixed Platforms.Build.0 = Release|Any CPU
		{B0D6BEA2-5765-4B89-B0A0-7EB6E9D8A5B9}.Ad-Hoc|Mixed Platforms.Deploy.0 = Release|Any CPU
		{B0D6BEA2-5765-4B89-B0A0-7EB6E9D8A5B9}.Ad-Hoc|x64.ActiveCfg = Release|Any CPU
		{B0D6BEA2-5765-4B89-B0A0-7EB6E9D8A5B9}.Ad-Hoc|x86.ActiveCfg = Release|Any CPU
		{B0D6BEA2-5765-4B89-B0A0-7EB6E9D8A5B9}.AppStore|Any CPU.ActiveCfg = Release|Any CPU
		{B0D6BEA2-5765-4B89-B0A0-7EB6E9D8A5B9}.AppStore|Any CPU.Build.0 = Release|Any CPU
		{B0D6BEA2-5765-4B89-B0A0-7EB6E9D8A5B9}.AppStore|Any CPU.Deploy.0 = Release|Any CPU
		{B0D6BEA2-5765-4B89-B0A0-7EB6E9D8A5B9}.AppStore|ARM.ActiveCfg = Release|Any CPU
		{B0D6BEA2-5765-4B89-B0A0-7EB6E9D8A5B9}.AppStore|iPhone.ActiveCfg = Release|Any CPU
		{B0D6BEA2-5765-4B89-B0A0-7EB6E9D8A5B9}.AppStore|iPhoneSimulator.ActiveCfg = Release|Any CPU
		{B0D6BEA2-5765-4B89-B0A0-7EB6E9D8A5B9}.AppStore|Mixed Platforms.ActiveCfg = Release|Any CPU
		{B0D6BEA2-5765-4B89-B0A0-7EB6E9D8A5B9}.AppStore|Mixed Platforms.Build.0 = Release|Any CPU
		{B0D6BEA2-5765-4B89-B0A0-7EB6E9D8A5B9}.AppStore|Mixed Platforms.Deploy.0 = Release|Any CPU
		{B0D6BEA2-5765-4B89-B0A0-7EB6E9D8A5B9}.AppStore|x64.ActiveCfg = Release|Any CPU
		{B0D6BEA2-5765-4B89-B0A0-7EB6E9D8A5B9}.AppStore|x86.ActiveCfg = Release|Any CPU
		{B0D6BEA2-5765-4B89-B0A0-7EB6E9D8A5B9}.Debug|Any CPU.ActiveCfg = Debug|Any CPU
		{B0D6BEA2-5765-4B89-B0A0-7EB6E9D8A5B9}.Debug|Any CPU.Build.0 = Debug|Any CPU
		{B0D6BEA2-5765-4B89-B0A0-7EB6E9D8A5B9}.Debug|Any CPU.Deploy.0 = Debug|Any CPU
		{B0D6BEA2-5765-4B89-B0A0-7EB6E9D8A5B9}.Debug|ARM.ActiveCfg = Debug|Any CPU
		{B0D6BEA2-5765-4B89-B0A0-7EB6E9D8A5B9}.Debug|iPhone.ActiveCfg = Debug|Any CPU
		{B0D6BEA2-5765-4B89-B0A0-7EB6E9D8A5B9}.Debug|iPhoneSimulator.ActiveCfg = Debug|Any CPU
		{B0D6BEA2-5765-4B89-B0A0-7EB6E9D8A5B9}.Debug|Mixed Platforms.ActiveCfg = Debug|Any CPU
		{B0D6BEA2-5765-4B89-B0A0-7EB6E9D8A5B9}.Debug|Mixed Platforms.Build.0 = Debug|Any CPU
		{B0D6BEA2-5765-4B89-B0A0-7EB6E9D8A5B9}.Debug|Mixed Platforms.Deploy.0 = Debug|Any CPU
		{B0D6BEA2-5765-4B89-B0A0-7EB6E9D8A5B9}.Debug|x64.ActiveCfg = Debug|Any CPU
		{B0D6BEA2-5765-4B89-B0A0-7EB6E9D8A5B9}.Debug|x86.ActiveCfg = Debug|Any CPU
		{B0D6BEA2-5765-4B89-B0A0-7EB6E9D8A5B9}.Release|Any CPU.ActiveCfg = Release|Any CPU
		{B0D6BEA2-5765-4B89-B0A0-7EB6E9D8A5B9}.Release|Any CPU.Build.0 = Release|Any CPU
		{B0D6BEA2-5765-4B89-B0A0-7EB6E9D8A5B9}.Release|Any CPU.Deploy.0 = Release|Any CPU
		{B0D6BEA2-5765-4B89-B0A0-7EB6E9D8A5B9}.Release|ARM.ActiveCfg = Release|Any CPU
		{B0D6BEA2-5765-4B89-B0A0-7EB6E9D8A5B9}.Release|iPhone.ActiveCfg = Release|Any CPU
		{B0D6BEA2-5765-4B89-B0A0-7EB6E9D8A5B9}.Release|iPhoneSimulator.ActiveCfg = Release|Any CPU
		{B0D6BEA2-5765-4B89-B0A0-7EB6E9D8A5B9}.Release|Mixed Platforms.ActiveCfg = Release|Any CPU
		{B0D6BEA2-5765-4B89-B0A0-7EB6E9D8A5B9}.Release|Mixed Platforms.Build.0 = Release|Any CPU
		{B0D6BEA2-5765-4B89-B0A0-7EB6E9D8A5B9}.Release|Mixed Platforms.Deploy.0 = Release|Any CPU
		{B0D6BEA2-5765-4B89-B0A0-7EB6E9D8A5B9}.Release|x64.ActiveCfg = Release|Any CPU
		{B0D6BEA2-5765-4B89-B0A0-7EB6E9D8A5B9}.Release|x86.ActiveCfg = Release|Any CPU
		{0D7FCA5C-1B15-402F-81C5-900DDC1B79DC}.Ad-Hoc|Any CPU.ActiveCfg = Ad-Hoc|iPhone
		{0D7FCA5C-1B15-402F-81C5-900DDC1B79DC}.Ad-Hoc|ARM.ActiveCfg = Ad-Hoc|iPhone
		{0D7FCA5C-1B15-402F-81C5-900DDC1B79DC}.Ad-Hoc|iPhone.ActiveCfg = Ad-Hoc|iPhone
		{0D7FCA5C-1B15-402F-81C5-900DDC1B79DC}.Ad-Hoc|iPhone.Build.0 = Ad-Hoc|iPhone
		{0D7FCA5C-1B15-402F-81C5-900DDC1B79DC}.Ad-Hoc|iPhoneSimulator.ActiveCfg = Ad-Hoc|iPhoneSimulator
		{0D7FCA5C-1B15-402F-81C5-900DDC1B79DC}.Ad-Hoc|iPhoneSimulator.Build.0 = Ad-Hoc|iPhoneSimulator
		{0D7FCA5C-1B15-402F-81C5-900DDC1B79DC}.Ad-Hoc|Mixed Platforms.ActiveCfg = Ad-Hoc|iPhone
		{0D7FCA5C-1B15-402F-81C5-900DDC1B79DC}.Ad-Hoc|Mixed Platforms.Build.0 = Ad-Hoc|iPhone
		{0D7FCA5C-1B15-402F-81C5-900DDC1B79DC}.Ad-Hoc|x64.ActiveCfg = Ad-Hoc|iPhone
		{0D7FCA5C-1B15-402F-81C5-900DDC1B79DC}.Ad-Hoc|x86.ActiveCfg = Ad-Hoc|iPhone
		{0D7FCA5C-1B15-402F-81C5-900DDC1B79DC}.AppStore|Any CPU.ActiveCfg = AppStore|iPhone
		{0D7FCA5C-1B15-402F-81C5-900DDC1B79DC}.AppStore|ARM.ActiveCfg = AppStore|iPhone
		{0D7FCA5C-1B15-402F-81C5-900DDC1B79DC}.AppStore|iPhone.ActiveCfg = AppStore|iPhone
		{0D7FCA5C-1B15-402F-81C5-900DDC1B79DC}.AppStore|iPhone.Build.0 = AppStore|iPhone
		{0D7FCA5C-1B15-402F-81C5-900DDC1B79DC}.AppStore|iPhoneSimulator.ActiveCfg = AppStore|iPhoneSimulator
		{0D7FCA5C-1B15-402F-81C5-900DDC1B79DC}.AppStore|iPhoneSimulator.Build.0 = AppStore|iPhoneSimulator
		{0D7FCA5C-1B15-402F-81C5-900DDC1B79DC}.AppStore|Mixed Platforms.ActiveCfg = AppStore|iPhone
		{0D7FCA5C-1B15-402F-81C5-900DDC1B79DC}.AppStore|Mixed Platforms.Build.0 = AppStore|iPhone
		{0D7FCA5C-1B15-402F-81C5-900DDC1B79DC}.AppStore|x64.ActiveCfg = AppStore|iPhone
		{0D7FCA5C-1B15-402F-81C5-900DDC1B79DC}.AppStore|x86.ActiveCfg = AppStore|iPhone
		{0D7FCA5C-1B15-402F-81C5-900DDC1B79DC}.Debug|Any CPU.ActiveCfg = Debug|iPhone
		{0D7FCA5C-1B15-402F-81C5-900DDC1B79DC}.Debug|ARM.ActiveCfg = Debug|iPhone
		{0D7FCA5C-1B15-402F-81C5-900DDC1B79DC}.Debug|iPhone.ActiveCfg = Debug|iPhone
		{0D7FCA5C-1B15-402F-81C5-900DDC1B79DC}.Debug|iPhone.Build.0 = Debug|iPhone
		{0D7FCA5C-1B15-402F-81C5-900DDC1B79DC}.Debug|iPhoneSimulator.ActiveCfg = Debug|iPhoneSimulator
		{0D7FCA5C-1B15-402F-81C5-900DDC1B79DC}.Debug|iPhoneSimulator.Build.0 = Debug|iPhoneSimulator
		{0D7FCA5C-1B15-402F-81C5-900DDC1B79DC}.Debug|Mixed Platforms.ActiveCfg = Debug|iPhone
		{0D7FCA5C-1B15-402F-81C5-900DDC1B79DC}.Debug|Mixed Platforms.Build.0 = Debug|iPhone
		{0D7FCA5C-1B15-402F-81C5-900DDC1B79DC}.Debug|x64.ActiveCfg = Debug|iPhone
		{0D7FCA5C-1B15-402F-81C5-900DDC1B79DC}.Debug|x86.ActiveCfg = Debug|iPhone
		{0D7FCA5C-1B15-402F-81C5-900DDC1B79DC}.Release|Any CPU.ActiveCfg = Release|iPhone
		{0D7FCA5C-1B15-402F-81C5-900DDC1B79DC}.Release|ARM.ActiveCfg = Release|iPhone
		{0D7FCA5C-1B15-402F-81C5-900DDC1B79DC}.Release|iPhone.ActiveCfg = Release|iPhone
		{0D7FCA5C-1B15-402F-81C5-900DDC1B79DC}.Release|iPhone.Build.0 = Release|iPhone
		{0D7FCA5C-1B15-402F-81C5-900DDC1B79DC}.Release|iPhoneSimulator.ActiveCfg = Release|iPhoneSimulator
		{0D7FCA5C-1B15-402F-81C5-900DDC1B79DC}.Release|iPhoneSimulator.Build.0 = Release|iPhoneSimulator
		{0D7FCA5C-1B15-402F-81C5-900DDC1B79DC}.Release|Mixed Platforms.ActiveCfg = Release|iPhone
		{0D7FCA5C-1B15-402F-81C5-900DDC1B79DC}.Release|Mixed Platforms.Build.0 = Release|iPhone
		{0D7FCA5C-1B15-402F-81C5-900DDC1B79DC}.Release|x64.ActiveCfg = Release|iPhone
		{0D7FCA5C-1B15-402F-81C5-900DDC1B79DC}.Release|x86.ActiveCfg = Release|iPhone
		{BEB86758-960B-4D18-B5C8-1E49B8B10BF0}.Ad-Hoc|Any CPU.ActiveCfg = Ad-Hoc|iPhone
		{BEB86758-960B-4D18-B5C8-1E49B8B10BF0}.Ad-Hoc|ARM.ActiveCfg = Ad-Hoc|iPhone
		{BEB86758-960B-4D18-B5C8-1E49B8B10BF0}.Ad-Hoc|iPhone.ActiveCfg = Ad-Hoc|iPhone
		{BEB86758-960B-4D18-B5C8-1E49B8B10BF0}.Ad-Hoc|iPhone.Build.0 = Ad-Hoc|iPhone
		{BEB86758-960B-4D18-B5C8-1E49B8B10BF0}.Ad-Hoc|iPhoneSimulator.ActiveCfg = Ad-Hoc|iPhoneSimulator
		{BEB86758-960B-4D18-B5C8-1E49B8B10BF0}.Ad-Hoc|iPhoneSimulator.Build.0 = Ad-Hoc|iPhoneSimulator
		{BEB86758-960B-4D18-B5C8-1E49B8B10BF0}.Ad-Hoc|Mixed Platforms.ActiveCfg = Ad-Hoc|iPhone
		{BEB86758-960B-4D18-B5C8-1E49B8B10BF0}.Ad-Hoc|Mixed Platforms.Build.0 = Ad-Hoc|iPhone
		{BEB86758-960B-4D18-B5C8-1E49B8B10BF0}.Ad-Hoc|x64.ActiveCfg = Ad-Hoc|iPhone
		{BEB86758-960B-4D18-B5C8-1E49B8B10BF0}.Ad-Hoc|x86.ActiveCfg = Ad-Hoc|iPhone
		{BEB86758-960B-4D18-B5C8-1E49B8B10BF0}.AppStore|Any CPU.ActiveCfg = AppStore|iPhone
		{BEB86758-960B-4D18-B5C8-1E49B8B10BF0}.AppStore|ARM.ActiveCfg = AppStore|iPhone
		{BEB86758-960B-4D18-B5C8-1E49B8B10BF0}.AppStore|iPhone.ActiveCfg = AppStore|iPhone
		{BEB86758-960B-4D18-B5C8-1E49B8B10BF0}.AppStore|iPhone.Build.0 = AppStore|iPhone
		{BEB86758-960B-4D18-B5C8-1E49B8B10BF0}.AppStore|iPhoneSimulator.ActiveCfg = AppStore|iPhoneSimulator
		{BEB86758-960B-4D18-B5C8-1E49B8B10BF0}.AppStore|iPhoneSimulator.Build.0 = AppStore|iPhoneSimulator
		{BEB86758-960B-4D18-B5C8-1E49B8B10BF0}.AppStore|Mixed Platforms.ActiveCfg = AppStore|iPhone
		{BEB86758-960B-4D18-B5C8-1E49B8B10BF0}.AppStore|Mixed Platforms.Build.0 = AppStore|iPhone
		{BEB86758-960B-4D18-B5C8-1E49B8B10BF0}.AppStore|x64.ActiveCfg = AppStore|iPhone
		{BEB86758-960B-4D18-B5C8-1E49B8B10BF0}.AppStore|x86.ActiveCfg = AppStore|iPhone
		{BEB86758-960B-4D18-B5C8-1E49B8B10BF0}.Debug|Any CPU.ActiveCfg = Debug|iPhone
		{BEB86758-960B-4D18-B5C8-1E49B8B10BF0}.Debug|ARM.ActiveCfg = Debug|iPhone
		{BEB86758-960B-4D18-B5C8-1E49B8B10BF0}.Debug|iPhone.ActiveCfg = Debug|iPhone
		{BEB86758-960B-4D18-B5C8-1E49B8B10BF0}.Debug|iPhone.Build.0 = Debug|iPhone
		{BEB86758-960B-4D18-B5C8-1E49B8B10BF0}.Debug|iPhoneSimulator.ActiveCfg = Debug|iPhoneSimulator
		{BEB86758-960B-4D18-B5C8-1E49B8B10BF0}.Debug|iPhoneSimulator.Build.0 = Debug|iPhoneSimulator
		{BEB86758-960B-4D18-B5C8-1E49B8B10BF0}.Debug|Mixed Platforms.ActiveCfg = Debug|iPhone
		{BEB86758-960B-4D18-B5C8-1E49B8B10BF0}.Debug|Mixed Platforms.Build.0 = Debug|iPhone
		{BEB86758-960B-4D18-B5C8-1E49B8B10BF0}.Debug|x64.ActiveCfg = Debug|iPhone
		{BEB86758-960B-4D18-B5C8-1E49B8B10BF0}.Debug|x86.ActiveCfg = Debug|iPhone
		{BEB86758-960B-4D18-B5C8-1E49B8B10BF0}.Release|Any CPU.ActiveCfg = Release|iPhone
		{BEB86758-960B-4D18-B5C8-1E49B8B10BF0}.Release|ARM.ActiveCfg = Release|iPhone
		{BEB86758-960B-4D18-B5C8-1E49B8B10BF0}.Release|iPhone.ActiveCfg = Release|iPhone
		{BEB86758-960B-4D18-B5C8-1E49B8B10BF0}.Release|iPhone.Build.0 = Release|iPhone
		{BEB86758-960B-4D18-B5C8-1E49B8B10BF0}.Release|iPhoneSimulator.ActiveCfg = Release|iPhoneSimulator
		{BEB86758-960B-4D18-B5C8-1E49B8B10BF0}.Release|iPhoneSimulator.Build.0 = Release|iPhoneSimulator
		{BEB86758-960B-4D18-B5C8-1E49B8B10BF0}.Release|Mixed Platforms.ActiveCfg = Release|iPhone
		{BEB86758-960B-4D18-B5C8-1E49B8B10BF0}.Release|Mixed Platforms.Build.0 = Release|iPhone
		{BEB86758-960B-4D18-B5C8-1E49B8B10BF0}.Release|x64.ActiveCfg = Release|iPhone
		{BEB86758-960B-4D18-B5C8-1E49B8B10BF0}.Release|x86.ActiveCfg = Release|iPhone
		{2ABD5588-9270-403D-AEF7-B7595AF60FF2}.Ad-Hoc|Any CPU.ActiveCfg = Release|Any CPU
		{2ABD5588-9270-403D-AEF7-B7595AF60FF2}.Ad-Hoc|Any CPU.Build.0 = Release|Any CPU
		{2ABD5588-9270-403D-AEF7-B7595AF60FF2}.Ad-Hoc|Any CPU.Deploy.0 = Release|Any CPU
		{2ABD5588-9270-403D-AEF7-B7595AF60FF2}.Ad-Hoc|ARM.ActiveCfg = Release|ARM
		{2ABD5588-9270-403D-AEF7-B7595AF60FF2}.Ad-Hoc|ARM.Build.0 = Release|ARM
		{2ABD5588-9270-403D-AEF7-B7595AF60FF2}.Ad-Hoc|ARM.Deploy.0 = Release|ARM
		{2ABD5588-9270-403D-AEF7-B7595AF60FF2}.Ad-Hoc|iPhone.ActiveCfg = Release|Any CPU
		{2ABD5588-9270-403D-AEF7-B7595AF60FF2}.Ad-Hoc|iPhoneSimulator.ActiveCfg = Release|Any CPU
		{2ABD5588-9270-403D-AEF7-B7595AF60FF2}.Ad-Hoc|Mixed Platforms.ActiveCfg = Release|x86
		{2ABD5588-9270-403D-AEF7-B7595AF60FF2}.Ad-Hoc|Mixed Platforms.Build.0 = Release|x86
		{2ABD5588-9270-403D-AEF7-B7595AF60FF2}.Ad-Hoc|Mixed Platforms.Deploy.0 = Release|x86
		{2ABD5588-9270-403D-AEF7-B7595AF60FF2}.Ad-Hoc|x64.ActiveCfg = Release|x64
		{2ABD5588-9270-403D-AEF7-B7595AF60FF2}.Ad-Hoc|x64.Build.0 = Release|x64
		{2ABD5588-9270-403D-AEF7-B7595AF60FF2}.Ad-Hoc|x64.Deploy.0 = Release|x64
		{2ABD5588-9270-403D-AEF7-B7595AF60FF2}.Ad-Hoc|x86.ActiveCfg = Release|x86
		{2ABD5588-9270-403D-AEF7-B7595AF60FF2}.Ad-Hoc|x86.Build.0 = Release|x86
		{2ABD5588-9270-403D-AEF7-B7595AF60FF2}.Ad-Hoc|x86.Deploy.0 = Release|x86
		{2ABD5588-9270-403D-AEF7-B7595AF60FF2}.AppStore|Any CPU.ActiveCfg = Release|Any CPU
		{2ABD5588-9270-403D-AEF7-B7595AF60FF2}.AppStore|Any CPU.Build.0 = Release|Any CPU
		{2ABD5588-9270-403D-AEF7-B7595AF60FF2}.AppStore|Any CPU.Deploy.0 = Release|Any CPU
		{2ABD5588-9270-403D-AEF7-B7595AF60FF2}.AppStore|ARM.ActiveCfg = Release|ARM
		{2ABD5588-9270-403D-AEF7-B7595AF60FF2}.AppStore|ARM.Build.0 = Release|ARM
		{2ABD5588-9270-403D-AEF7-B7595AF60FF2}.AppStore|ARM.Deploy.0 = Release|ARM
		{2ABD5588-9270-403D-AEF7-B7595AF60FF2}.AppStore|iPhone.ActiveCfg = Release|Any CPU
		{2ABD5588-9270-403D-AEF7-B7595AF60FF2}.AppStore|iPhoneSimulator.ActiveCfg = Release|Any CPU
		{2ABD5588-9270-403D-AEF7-B7595AF60FF2}.AppStore|Mixed Platforms.ActiveCfg = Release|x86
		{2ABD5588-9270-403D-AEF7-B7595AF60FF2}.AppStore|Mixed Platforms.Build.0 = Release|x86
		{2ABD5588-9270-403D-AEF7-B7595AF60FF2}.AppStore|Mixed Platforms.Deploy.0 = Release|x86
		{2ABD5588-9270-403D-AEF7-B7595AF60FF2}.AppStore|x64.ActiveCfg = Release|x64
		{2ABD5588-9270-403D-AEF7-B7595AF60FF2}.AppStore|x64.Build.0 = Release|x64
		{2ABD5588-9270-403D-AEF7-B7595AF60FF2}.AppStore|x64.Deploy.0 = Release|x64
		{2ABD5588-9270-403D-AEF7-B7595AF60FF2}.AppStore|x86.ActiveCfg = Release|x86
		{2ABD5588-9270-403D-AEF7-B7595AF60FF2}.AppStore|x86.Build.0 = Release|x86
		{2ABD5588-9270-403D-AEF7-B7595AF60FF2}.AppStore|x86.Deploy.0 = Release|x86
		{2ABD5588-9270-403D-AEF7-B7595AF60FF2}.Debug|Any CPU.ActiveCfg = Debug|Any CPU
		{2ABD5588-9270-403D-AEF7-B7595AF60FF2}.Debug|Any CPU.Build.0 = Debug|Any CPU
		{2ABD5588-9270-403D-AEF7-B7595AF60FF2}.Debug|Any CPU.Deploy.0 = Debug|Any CPU
		{2ABD5588-9270-403D-AEF7-B7595AF60FF2}.Debug|ARM.ActiveCfg = Debug|ARM
		{2ABD5588-9270-403D-AEF7-B7595AF60FF2}.Debug|ARM.Build.0 = Debug|ARM
		{2ABD5588-9270-403D-AEF7-B7595AF60FF2}.Debug|ARM.Deploy.0 = Debug|ARM
		{2ABD5588-9270-403D-AEF7-B7595AF60FF2}.Debug|iPhone.ActiveCfg = Debug|Any CPU
		{2ABD5588-9270-403D-AEF7-B7595AF60FF2}.Debug|iPhoneSimulator.ActiveCfg = Debug|Any CPU
		{2ABD5588-9270-403D-AEF7-B7595AF60FF2}.Debug|Mixed Platforms.ActiveCfg = Debug|x86
		{2ABD5588-9270-403D-AEF7-B7595AF60FF2}.Debug|Mixed Platforms.Build.0 = Debug|x86
		{2ABD5588-9270-403D-AEF7-B7595AF60FF2}.Debug|Mixed Platforms.Deploy.0 = Debug|x86
		{2ABD5588-9270-403D-AEF7-B7595AF60FF2}.Debug|x64.ActiveCfg = Debug|x64
		{2ABD5588-9270-403D-AEF7-B7595AF60FF2}.Debug|x64.Build.0 = Debug|x64
		{2ABD5588-9270-403D-AEF7-B7595AF60FF2}.Debug|x64.Deploy.0 = Debug|x64
		{2ABD5588-9270-403D-AEF7-B7595AF60FF2}.Debug|x86.ActiveCfg = Debug|x86
		{2ABD5588-9270-403D-AEF7-B7595AF60FF2}.Debug|x86.Build.0 = Debug|x86
		{2ABD5588-9270-403D-AEF7-B7595AF60FF2}.Debug|x86.Deploy.0 = Debug|x86
		{2ABD5588-9270-403D-AEF7-B7595AF60FF2}.Release|Any CPU.ActiveCfg = Release|Any CPU
		{2ABD5588-9270-403D-AEF7-B7595AF60FF2}.Release|Any CPU.Build.0 = Release|Any CPU
		{2ABD5588-9270-403D-AEF7-B7595AF60FF2}.Release|Any CPU.Deploy.0 = Release|Any CPU
		{2ABD5588-9270-403D-AEF7-B7595AF60FF2}.Release|ARM.ActiveCfg = Release|ARM
		{2ABD5588-9270-403D-AEF7-B7595AF60FF2}.Release|ARM.Build.0 = Release|ARM
		{2ABD5588-9270-403D-AEF7-B7595AF60FF2}.Release|ARM.Deploy.0 = Release|ARM
		{2ABD5588-9270-403D-AEF7-B7595AF60FF2}.Release|iPhone.ActiveCfg = Release|Any CPU
		{2ABD5588-9270-403D-AEF7-B7595AF60FF2}.Release|iPhoneSimulator.ActiveCfg = Release|Any CPU
		{2ABD5588-9270-403D-AEF7-B7595AF60FF2}.Release|Mixed Platforms.ActiveCfg = Release|x86
		{2ABD5588-9270-403D-AEF7-B7595AF60FF2}.Release|Mixed Platforms.Build.0 = Release|x86
		{2ABD5588-9270-403D-AEF7-B7595AF60FF2}.Release|Mixed Platforms.Deploy.0 = Release|x86
		{2ABD5588-9270-403D-AEF7-B7595AF60FF2}.Release|x64.ActiveCfg = Release|x64
		{2ABD5588-9270-403D-AEF7-B7595AF60FF2}.Release|x64.Build.0 = Release|x64
		{2ABD5588-9270-403D-AEF7-B7595AF60FF2}.Release|x64.Deploy.0 = Release|x64
		{2ABD5588-9270-403D-AEF7-B7595AF60FF2}.Release|x86.ActiveCfg = Release|x86
		{2ABD5588-9270-403D-AEF7-B7595AF60FF2}.Release|x86.Build.0 = Release|x86
		{2ABD5588-9270-403D-AEF7-B7595AF60FF2}.Release|x86.Deploy.0 = Release|x86
		{CC7DC130-9F99-43FC-AFD0-E7B5D1236458}.Ad-Hoc|Any CPU.ActiveCfg = Release|Any CPU
		{CC7DC130-9F99-43FC-AFD0-E7B5D1236458}.Ad-Hoc|Any CPU.Build.0 = Release|Any CPU
		{CC7DC130-9F99-43FC-AFD0-E7B5D1236458}.Ad-Hoc|Any CPU.Deploy.0 = Release|Any CPU
		{CC7DC130-9F99-43FC-AFD0-E7B5D1236458}.Ad-Hoc|ARM.ActiveCfg = Release|Any CPU
		{CC7DC130-9F99-43FC-AFD0-E7B5D1236458}.Ad-Hoc|iPhone.ActiveCfg = Release|Any CPU
		{CC7DC130-9F99-43FC-AFD0-E7B5D1236458}.Ad-Hoc|iPhoneSimulator.ActiveCfg = Release|Any CPU
		{CC7DC130-9F99-43FC-AFD0-E7B5D1236458}.Ad-Hoc|Mixed Platforms.ActiveCfg = Release|Any CPU
		{CC7DC130-9F99-43FC-AFD0-E7B5D1236458}.Ad-Hoc|Mixed Platforms.Build.0 = Release|Any CPU
		{CC7DC130-9F99-43FC-AFD0-E7B5D1236458}.Ad-Hoc|Mixed Platforms.Deploy.0 = Release|Any CPU
		{CC7DC130-9F99-43FC-AFD0-E7B5D1236458}.Ad-Hoc|x64.ActiveCfg = Release|Any CPU
		{CC7DC130-9F99-43FC-AFD0-E7B5D1236458}.Ad-Hoc|x86.ActiveCfg = Release|Any CPU
		{CC7DC130-9F99-43FC-AFD0-E7B5D1236458}.AppStore|Any CPU.ActiveCfg = Release|Any CPU
		{CC7DC130-9F99-43FC-AFD0-E7B5D1236458}.AppStore|Any CPU.Build.0 = Release|Any CPU
		{CC7DC130-9F99-43FC-AFD0-E7B5D1236458}.AppStore|Any CPU.Deploy.0 = Release|Any CPU
		{CC7DC130-9F99-43FC-AFD0-E7B5D1236458}.AppStore|ARM.ActiveCfg = Release|Any CPU
		{CC7DC130-9F99-43FC-AFD0-E7B5D1236458}.AppStore|iPhone.ActiveCfg = Release|Any CPU
		{CC7DC130-9F99-43FC-AFD0-E7B5D1236458}.AppStore|iPhoneSimulator.ActiveCfg = Release|Any CPU
		{CC7DC130-9F99-43FC-AFD0-E7B5D1236458}.AppStore|Mixed Platforms.ActiveCfg = Release|Any CPU
		{CC7DC130-9F99-43FC-AFD0-E7B5D1236458}.AppStore|Mixed Platforms.Build.0 = Release|Any CPU
		{CC7DC130-9F99-43FC-AFD0-E7B5D1236458}.AppStore|Mixed Platforms.Deploy.0 = Release|Any CPU
		{CC7DC130-9F99-43FC-AFD0-E7B5D1236458}.AppStore|x64.ActiveCfg = Release|Any CPU
		{CC7DC130-9F99-43FC-AFD0-E7B5D1236458}.AppStore|x86.ActiveCfg = Release|Any CPU
		{CC7DC130-9F99-43FC-AFD0-E7B5D1236458}.Debug|Any CPU.ActiveCfg = Debug|Any CPU
		{CC7DC130-9F99-43FC-AFD0-E7B5D1236458}.Debug|Any CPU.Build.0 = Debug|Any CPU
		{CC7DC130-9F99-43FC-AFD0-E7B5D1236458}.Debug|Any CPU.Deploy.0 = Debug|Any CPU
		{CC7DC130-9F99-43FC-AFD0-E7B5D1236458}.Debug|ARM.ActiveCfg = Debug|Any CPU
		{CC7DC130-9F99-43FC-AFD0-E7B5D1236458}.Debug|iPhone.ActiveCfg = Debug|Any CPU
		{CC7DC130-9F99-43FC-AFD0-E7B5D1236458}.Debug|iPhoneSimulator.ActiveCfg = Debug|Any CPU
		{CC7DC130-9F99-43FC-AFD0-E7B5D1236458}.Debug|Mixed Platforms.ActiveCfg = Debug|Any CPU
		{CC7DC130-9F99-43FC-AFD0-E7B5D1236458}.Debug|Mixed Platforms.Build.0 = Debug|Any CPU
		{CC7DC130-9F99-43FC-AFD0-E7B5D1236458}.Debug|Mixed Platforms.Deploy.0 = Debug|Any CPU
		{CC7DC130-9F99-43FC-AFD0-E7B5D1236458}.Debug|x64.ActiveCfg = Debug|Any CPU
		{CC7DC130-9F99-43FC-AFD0-E7B5D1236458}.Debug|x86.ActiveCfg = Debug|Any CPU
		{CC7DC130-9F99-43FC-AFD0-E7B5D1236458}.Release|Any CPU.ActiveCfg = Release|Any CPU
		{CC7DC130-9F99-43FC-AFD0-E7B5D1236458}.Release|Any CPU.Build.0 = Release|Any CPU
		{CC7DC130-9F99-43FC-AFD0-E7B5D1236458}.Release|Any CPU.Deploy.0 = Release|Any CPU
		{CC7DC130-9F99-43FC-AFD0-E7B5D1236458}.Release|ARM.ActiveCfg = Release|Any CPU
		{CC7DC130-9F99-43FC-AFD0-E7B5D1236458}.Release|iPhone.ActiveCfg = Release|Any CPU
		{CC7DC130-9F99-43FC-AFD0-E7B5D1236458}.Release|iPhoneSimulator.ActiveCfg = Release|Any CPU
		{CC7DC130-9F99-43FC-AFD0-E7B5D1236458}.Release|Mixed Platforms.ActiveCfg = Release|Any CPU
		{CC7DC130-9F99-43FC-AFD0-E7B5D1236458}.Release|Mixed Platforms.Build.0 = Release|Any CPU
		{CC7DC130-9F99-43FC-AFD0-E7B5D1236458}.Release|Mixed Platforms.Deploy.0 = Release|Any CPU
		{CC7DC130-9F99-43FC-AFD0-E7B5D1236458}.Release|x64.ActiveCfg = Release|Any CPU
		{CC7DC130-9F99-43FC-AFD0-E7B5D1236458}.Release|x86.ActiveCfg = Release|Any CPU
	EndGlobalSection
	GlobalSection(SolutionProperties) = preSolution
		HideSolutionNode = FALSE
	EndGlobalSection
EndGlobal
